
Microsoft Visual Studio Solution File, Format Version 12.00
# Visual Studio 14
VisualStudioVersion = 14.0.25123.0
MinimumVisualStudioVersion = 10.0.40219.1
Project("{8BC9CEB8-8B4A-11D0-8D11-00A0C91BC942}") = "librwgta", "librwgta.vcxproj", "{6FFC755C-5993-4B51-8B46-EA99C6B92B91}"
EndProject
Project("{2150E333-8FDC-42A3-9474-1A3956D46DE8}") = "Tools", "Tools", "{4978C1F9-F1A1-4B20-BB46-17ECF08CFA04}"
EndProject
Project("{8BC9CEB8-8B4A-11D0-8D11-00A0C91BC942}") = "coltest", "tools\coltest\coltest.vcxproj", "{C5B85FC2-0AC0-4479-B25E-F41A95AC8998}"
	ProjectSection(ProjectDependencies) = postProject
		{6FFC755C-5993-4B51-8B46-EA99C6B92B91} = {6FFC755C-5993-4B51-8B46-EA99C6B92B91}
	EndProjectSection
EndProject
Project("{8BC9CEB8-8B4A-11D0-8D11-00A0C91BC942}") = "convdff", "tools\convdff\convdff.vcxproj", "{81A348A4-68FC-45A0-9AF4-19BD68D76E06}"
	ProjectSection(ProjectDependencies) = postProject
		{6FFC755C-5993-4B51-8B46-EA99C6B92B91} = {6FFC755C-5993-4B51-8B46-EA99C6B92B91}
	EndProjectSection
EndProject
Project("{8BC9CEB8-8B4A-11D0-8D11-00A0C91BC942}") = "convtxd", "tools\convtxd\convtxd.vcxproj", "{D7909B83-DC3C-447B-BF5A-8DF437EF7072}"
	ProjectSection(ProjectDependencies) = postProject
		{6FFC755C-5993-4B51-8B46-EA99C6B92B91} = {6FFC755C-5993-4B51-8B46-EA99C6B92B91}
	EndProjectSection
EndProject
Project("{8BC9CEB8-8B4A-11D0-8D11-00A0C91BC942}") = "d3d9test", "tools\d3d9test\d3d9test.vcxproj", "{0F2EE042-A93F-4285-8D28-9CB78071AAED}"
	ProjectSection(ProjectDependencies) = postProject
		{6FFC755C-5993-4B51-8B46-EA99C6B92B91} = {6FFC755C-5993-4B51-8B46-EA99C6B92B91}
	EndProjectSection
EndProject
Project("{8BC9CEB8-8B4A-11D0-8D11-00A0C91BC942}") = "IIItest", "tools\IIItest\IIItest.vcxproj", "{0E8B48B4-71CF-4674-B43C-FBB7CE267660}"
	ProjectSection(ProjectDependencies) = postProject
		{6FFC755C-5993-4B51-8B46-EA99C6B92B91} = {6FFC755C-5993-4B51-8B46-EA99C6B92B91}
	EndProjectSection
EndProject
Project("{8BC9CEB8-8B4A-11D0-8D11-00A0C91BC942}") = "storiesconv", "tools\storiesconv\storiesconv.vcxproj", "{07BFA8B6-CA29-4043-A2AA-4F5602B3831B}"
	ProjectSection(ProjectDependencies) = postProject
		{6FFC755C-5993-4B51-8B46-EA99C6B92B91} = {6FFC755C-5993-4B51-8B46-EA99C6B92B91}
	EndProjectSection
EndProject
Global
	GlobalSection(SolutionConfigurationPlatforms) = preSolution
		Debug|x64 = Debug|x64
		Debug|x86 = Debug|x86
		Release|x64 = Release|x64
		Release|x86 = Release|x86
	EndGlobalSection
	GlobalSection(ProjectConfigurationPlatforms) = postSolution
		{6FFC755C-5993-4B51-8B46-EA99C6B92B91}.Debug|x64.ActiveCfg = Debug|x64
		{6FFC755C-5993-4B51-8B46-EA99C6B92B91}.Debug|x64.Build.0 = Debug|x64
		{6FFC755C-5993-4B51-8B46-EA99C6B92B91}.Debug|x86.ActiveCfg = Debug|Win32
		{6FFC755C-5993-4B51-8B46-EA99C6B92B91}.Debug|x86.Build.0 = Debug|Win32
		{6FFC755C-5993-4B51-8B46-EA99C6B92B91}.Release|x64.ActiveCfg = Release|x64
		{6FFC755C-5993-4B51-8B46-EA99C6B92B91}.Release|x64.Build.0 = Release|x64
		{6FFC755C-5993-4B51-8B46-EA99C6B92B91}.Release|x86.ActiveCfg = Release|Win32
		{6FFC755C-5993-4B51-8B46-EA99C6B92B91}.Release|x86.Build.0 = Release|Win32
		{C5B85FC2-0AC0-4479-B25E-F41A95AC8998}.Debug|x64.ActiveCfg = Debug|x64
		{C5B85FC2-0AC0-4479-B25E-F41A95AC8998}.Debug|x64.Build.0 = Debug|x64
		{C5B85FC2-0AC0-4479-B25E-F41A95AC8998}.Debug|x86.ActiveCfg = Debug|Win32
		{C5B85FC2-0AC0-4479-B25E-F41A95AC8998}.Debug|x86.Build.0 = Debug|Win32
		{C5B85FC2-0AC0-4479-B25E-F41A95AC8998}.Release|x64.ActiveCfg = Release|x64
		{C5B85FC2-0AC0-4479-B25E-F41A95AC8998}.Release|x86.ActiveCfg = Release|Win32
		{81A348A4-68FC-45A0-9AF4-19BD68D76E06}.Debug|x64.ActiveCfg = Debug|x64
		{81A348A4-68FC-45A0-9AF4-19BD68D76E06}.Debug|x64.Build.0 = Debug|x64
		{81A348A4-68FC-45A0-9AF4-19BD68D76E06}.Debug|x86.ActiveCfg = Debug|Win32
		{81A348A4-68FC-45A0-9AF4-19BD68D76E06}.Debug|x86.Build.0 = Debug|Win32
		{81A348A4-68FC-45A0-9AF4-19BD68D76E06}.Release|x64.ActiveCfg = Release|x64
		{81A348A4-68FC-45A0-9AF4-19BD68D76E06}.Release|x86.ActiveCfg = Release|Win32
		{81A348A4-68FC-45A0-9AF4-19BD68D76E06}.Release|x86.Build.0 = Release|Win32
		{D7909B83-DC3C-447B-BF5A-8DF437EF7072}.Debug|x64.ActiveCfg = Debug|x64
		{D7909B83-DC3C-447B-BF5A-8DF437EF7072}.Debug|x64.Build.0 = Debug|x64
		{D7909B83-DC3C-447B-BF5A-8DF437EF7072}.Debug|x86.ActiveCfg = Debug|Win32
		{D7909B83-DC3C-447B-BF5A-8DF437EF7072}.Debug|x86.Build.0 = Debug|Win32
		{D7909B83-DC3C-447B-BF5A-8DF437EF7072}.Release|x64.ActiveCfg = Release|x64
		{D7909B83-DC3C-447B-BF5A-8DF437EF7072}.Release|x86.ActiveCfg = Release|Win32
		{D7909B83-DC3C-447B-BF5A-8DF437EF7072}.Release|x86.Build.0 = Release|Win32
		{0F2EE042-A93F-4285-8D28-9CB78071AAED}.Debug|x64.ActiveCfg = Debug|Win32
		{0F2EE042-A93F-4285-8D28-9CB78071AAED}.Debug|x86.ActiveCfg = Debug|Win32
		{0F2EE042-A93F-4285-8D28-9CB78071AAED}.Release|x64.ActiveCfg = Release|Win32
		{0F2EE042-A93F-4285-8D28-9CB78071AAED}.Release|x86.ActiveCfg = Release|Win32
		{0E8B48B4-71CF-4674-B43C-FBB7CE267660}.Debug|x64.ActiveCfg = Debug|Win32
		{0E8B48B4-71CF-4674-B43C-FBB7CE267660}.Debug|x86.ActiveCfg = Debug|Win32
		{0E8B48B4-71CF-4674-B43C-FBB7CE267660}.Release|x64.ActiveCfg = Release|Win32
		{0E8B48B4-71CF-4674-B43C-FBB7CE267660}.Release|x86.ActiveCfg = Release|Win32
		{07BFA8B6-CA29-4043-A2AA-4F5602B3831B}.Debug|x64.ActiveCfg = Debug|x64
		{07BFA8B6-CA29-4043-A2AA-4F5602B3831B}.Debug|x64.Build.0 = Debug|x64
		{07BFA8B6-CA29-4043-A2AA-4F5602B3831B}.Debug|x86.ActiveCfg = Debug|Win32
		{07BFA8B6-CA29-4043-A2AA-4F5602B3831B}.Debug|x86.Build.0 = Debug|Win32
		{07BFA8B6-CA29-4043-A2AA-4F5602B3831B}.Release|x64.ActiveCfg = Release|x64
		{07BFA8B6-CA29-4043-A2AA-4F5602B3831B}.Release|x86.ActiveCfg = Release|Win32
	EndGlobalSection
	GlobalSection(SolutionProperties) = preSolution
		HideSolutionNode = FALSE
	EndGlobalSection
	GlobalSection(NestedProjects) = preSolution
		{C5B85FC2-0AC0-4479-B25E-F41A95AC8998} = {4978C1F9-F1A1-4B20-BB46-17ECF08CFA04}
		{81A348A4-68FC-45A0-9AF4-19BD68D76E06} = {4978C1F9-F1A1-4B20-BB46-17ECF08CFA04}
		{D7909B83-DC3C-447B-BF5A-8DF437EF7072} = {4978C1F9-F1A1-4B20-BB46-17ECF08CFA04}
		{0F2EE042-A93F-4285-8D28-9CB78071AAED} = {4978C1F9-F1A1-4B20-BB46-17ECF08CFA04}
		{0E8B48B4-71CF-4674-B43C-FBB7CE267660} = {4978C1F9-F1A1-4B20-BB46-17ECF08CFA04}
		{07BFA8B6-CA29-4043-A2AA-4F5602B3831B} = {4978C1F9-F1A1-4B20-BB46-17ECF08CFA04}
	EndGlobalSection
EndGlobal
